
Microsoft Visual Studio Solution File, Format Version 12.00
# Visual Studio 15
VisualStudioVersion = 15.0.28307.438
MinimumVisualStudioVersion = 10.0.40219.1
Project("{8BC9CEB8-8B4A-11D0-8D11-00A0C91BC942}") = "LuaTest", "LuaTest\LuaTest.vcxproj", "{20EE48DF-3083-4904-B58A-0E6CA781787C}"
EndProject
Project("{8BC9CEB8-8B4A-11D0-8D11-00A0C91BC942}") = "Dll1", "Dll1\Dll1.vcxproj", "{B9068172-A1E4-4C85-A555-0E963E0E0B6D}"
EndProject
Project("{FAE04EC0-301F-11D3-BF4B-00C04F79EFBC}") = "CShaperTest", "CShaperTest\CShaperTest.csproj", "{5DA22AA6-3BAF-4895-88ED-B0AC80153E5B}"
EndProject
Global
	GlobalSection(SolutionConfigurationPlatforms) = preSolution
		Debug|Any CPU = Debug|Any CPU
		Debug|x64 = Debug|x64
		Debug|x86 = Debug|x86
		Release|Any CPU = Release|Any CPU
		Release|x64 = Release|x64
		Release|x86 = Release|x86
	EndGlobalSection
	GlobalSection(ProjectConfigurationPlatforms) = postSolution
		{20EE48DF-3083-4904-B58A-0E6CA781787C}.Debug|Any CPU.ActiveCfg = Debug|Win32
		{20EE48DF-3083-4904-B58A-0E6CA781787C}.Debug|x64.ActiveCfg = Debug|x64
		{20EE48DF-3083-4904-B58A-0E6CA781787C}.Debug|x64.Build.0 = Debug|x64
		{20EE48DF-3083-4904-B58A-0E6CA781787C}.Debug|x86.ActiveCfg = Debug|Win32
		{20EE48DF-3083-4904-B58A-0E6CA781787C}.Debug|x86.Build.0 = Debug|Win32
		{20EE48DF-3083-4904-B58A-0E6CA781787C}.Release|Any CPU.ActiveCfg = Release|Win32
		{20EE48DF-3083-4904-B58A-0E6CA781787C}.Release|x64.ActiveCfg = Release|x64
		{20EE48DF-3083-4904-B58A-0E6CA781787C}.Release|x64.Build.0 = Release|x64
		{20EE48DF-3083-4904-B58A-0E6CA781787C}.Release|x86.ActiveCfg = Release|Win32
		{20EE48DF-3083-4904-B58A-0E6CA781787C}.Release|x86.Build.0 = Release|Win32
		{B9068172-A1E4-4C85-A555-0E963E0E0B6D}.Debug|Any CPU.ActiveCfg = Debug|Win32
		{B9068172-A1E4-4C85-A555-0E963E0E0B6D}.Debug|x64.ActiveCfg = Debug|x64
		{B9068172-A1E4-4C85-A555-0E963E0E0B6D}.Debug|x64.Build.0 = Debug|x64
		{B9068172-A1E4-4C85-A555-0E963E0E0B6D}.Debug|x86.ActiveCfg = Debug|Win32
		{B9068172-A1E4-4C85-A555-0E963E0E0B6D}.Debug|x86.Build.0 = Debug|Win32
		{B9068172-A1E4-4C85-A555-0E963E0E0B6D}.Release|Any CPU.ActiveCfg = Release|Win32
		{B9068172-A1E4-4C85-A555-0E963E0E0B6D}.Release|x64.ActiveCfg = Release|x64
		{B9068172-A1E4-4C85-A555-0E963E0E0B6D}.Release|x64.Build.0 = Release|x64
		{B9068172-A1E4-4C85-A555-0E963E0E0B6D}.Release|x86.ActiveCfg = Release|Win32
		{B9068172-A1E4-4C85-A555-0E963E0E0B6D}.Release|x86.Build.0 = Release|Win32
		{5DA22AA6-3BAF-4895-88ED-B0AC80153E5B}.Debug|Any CPU.ActiveCfg = Debug|Any CPU
		{5DA22AA6-3BAF-4895-88ED-B0AC80153E5B}.Debug|Any CPU.Build.0 = Debug|Any CPU
		{5DA22AA6-3BAF-4895-88ED-B0AC80153E5B}.Debug|x64.ActiveCfg = Debug|Any CPU
		{5DA22AA6-3BAF-4895-88ED-B0AC80153E5B}.Debug|x64.Build.0 = Debug|Any CPU
		{5DA22AA6-3BAF-4895-88ED-B0AC80153E5B}.Debug|x86.ActiveCfg = Debug|Any CPU
		{5DA22AA6-3BAF-4895-88ED-B0AC80153E5B}.Debug|x86.Build.0 = Debug|Any CPU
		{5DA22AA6-3BAF-4895-88ED-B0AC80153E5B}.Release|Any CPU.ActiveCfg = Release|Any CPU
		{5DA22AA6-3BAF-4895-88ED-B0AC80153E5B}.Release|Any CPU.Build.0 = Release|Any CPU
		{5DA22AA6-3BAF-4895-88ED-B0AC80153E5B}.Release|x64.ActiveCfg = Release|Any CPU
		{5DA22AA6-3BAF-4895-88ED-B0AC80153E5B}.Release|x64.Build.0 = Release|Any CPU
		{5DA22AA6-3BAF-4895-88ED-B0AC80153E5B}.Release|x86.ActiveCfg = Release|Any CPU
		{5DA22AA6-3BAF-4895-88ED-B0AC80153E5B}.Release|x86.Build.0 = Release|Any CPU
	EndGlobalSection
	GlobalSection(SolutionProperties) = preSolution
		HideSolutionNode = FALSE
	EndGlobalSection
	GlobalSection(ExtensibilityGlobals) = postSolution
		SolutionGuid = {143DBF74-4EFF-44A3-AFA3-F9619A4A3AD2}
	EndGlobalSection
EndGlobal
